// !$*UTF8*$!
{
	archiveVersion = 1;
	classes = {
	};
	objectVersion = 48;
	objects = {

/* Begin PBXBuildFile section */
		97973B521F1748F40020D928 /* AppDelegate.m in Sources */ = {isa = PBXBuildFile; fileRef = 97973B511F1748F40020D928 /* AppDelegate.m */; };
		97973B551F1748F40020D928 /* ViewController.m in Sources */ = {isa = PBXBuildFile; fileRef = 97973B541F1748F40020D928 /* ViewController.m */; };
		97973B581F1748F40020D928 /* Main.storyboard in Resources */ = {isa = PBXBuildFile; fileRef = 97973B561F1748F40020D928 /* Main.storyboard */; };
		97973B5A1F1748F40020D928 /* Assets.xcassets in Resources */ = {isa = PBXBuildFile; fileRef = 97973B591F1748F40020D928 /* Assets.xcassets */; };
		97973B5D1F1748F40020D928 /* LaunchScreen.storyboard in Resources */ = {isa = PBXBuildFile; fileRef = 97973B5B1F1748F40020D928 /* LaunchScreen.storyboard */; };
		97973B601F1748F40020D928 /* main.m in Sources */ = {isa = PBXBuildFile; fileRef = 97973B5F1F1748F40020D928 /* main.m */; };
/* End PBXBuildFile section */

/* Begin PBXFileReference section */
		97973B4D1F1748F40020D928 /* TXLocationTechOCDemo.app */ = {isa = PBXFileReference; explicitFileType = wrapper.application; includeInIndex = 0; path = TXLocationTechOCDemo.app; sourceTree = BUILT_PRODUCTS_DIR; };
		97973B501F1748F40020D928 /* AppDelegate.h */ = {isa = PBXFileReference; lastKnownFileType = sourcecode.c.h; path = AppDelegate.h; sourceTree = "<group>"; };
		97973B511F1748F40020D928 /* AppDelegate.m */ = {isa = PBXFileReference; lastKnownFileType = sourcecode.c.objc; path = AppDelegate.m; sourceTree = "<group>"; };
		97973B531F1748F40020D928 /* ViewController.h */ = {isa = PBXFileReference; lastKnownFileType = sourcecode.c.h; path = ViewController.h; sourceTree = "<group>"; };
		97973B541F1748F40020D928 /* ViewController.m */ = {isa = PBXFileReference; lastKnownFileType = sourcecode.c.objc; path = ViewController.m; sourceTree = "<group>"; };
		97973B571F1748F40020D928 /* Base */ = {isa = PBXFileReference; lastKnownFileType = file.storyboard; name = Base; path = Base.lproj/Main.storyboard; sourceTree = "<group>"; };
		97973B591F1748F40020D928 /* Assets.xcassets */ = {isa = PBXFileReference; lastKnownFileType = folder.assetcatalog; path = Assets.xcassets; sourceTree = "<group>"; };
		97973B5C1F1748F40020D928 /* Base */ = {isa = PBXFileReference; lastKnownFileType = file.storyboard; name = Base; path = Base.lproj/LaunchScreen.storyboard; sourceTree = "<group>"; };
		97973B5E1F1748F40020D928 /* Info.plist */ = {isa = PBXFileReference; lastKnownFileType = text.plist.xml; path = Info.plist; sourceTree = "<group>"; };
		97973B5F1F1748F40020D928 /* main.m */ = {isa = PBXFileReference; lastKnownFileType = sourcecode.c.objc; path = main.m; sourceTree = "<group>"; };
/* End PBXFileReference section */

/* Begin PBXFrameworksBuildPhase section */
		97973B4A1F1748F40020D928 /* Frameworks */ = {
			isa = PBXFrameworksBuildPhase;
			buildActionMask = 2147483647;
			files = (
			);
			runOnlyForDeploymentPostprocessing = 0;
		};
/* End PBXFrameworksBuildPhase section */

/* Begin PBXGroup section */
		97973B441F1748F30020D928 = {
			isa = PBXGroup;
			children = (
				97973B4F1F1748F40020D928 /* TXLocationTechOCDemo */,
				97973B4E1F1748F40020D928 /* Products */,
			);
			sourceTree = "<group>";
		};
		97973B4E1F1748F40020D928 /* Products */ = {
			isa = PBXGroup;
			children = (
				97973B4D1F1748F40020D928 /* TXLocationTechOCDemo.app */,
			);
			name = Products;
			sourceTree = "<group>";
		};
		97973B4F1F1748F40020D928 /* TXLocationTechOCDemo */ = {
			isa = PBXGroup;
			children = (
				97973B501F1748F40020D928 /* AppDelegate.h */,
				97973B511F1748F40020D928 /* AppDelegate.m */,
				97973B531F1748F40020D928 /* ViewController.h */,
				97973B541F1748F40020D928 /* ViewController.m */,
				97973B561F1748F40020D928 /* Main.storyboard */,
				97973B591F1748F40020D928 /* Assets.xcassets */,
				97973B5B1F1748F40020D928 /* LaunchScreen.storyboard */,
				97973B5E1F1748F40020D928 /* Info.plist */,
				97973B5F1F1748F40020D928 /* main.m */,
			);
			path = TXLocationTechOCDemo;
			sourceTree = "<group>";
		};
/* End PBXGroup section */

/* Begin PBXNativeTarget section */
		97973B4C1F1748F40020D928 /* TXLocationTechOCDemo */ = {
			isa = PBXNativeTarget;
			buildConfigurationList = 97973B631F1748F40020D928 /* Build configuration list for PBXNativeTarget "TXLocationTechOCDemo" */;
			buildPhases = (
				97973B491F1748F40020D928 /* Sources */,
				97973B4A1F1748F40020D928 /* Frameworks */,
				97973B4B1F1748F40020D928 /* Resources */,
			);
			buildRules = (
			);
			dependencies = (
			);
			name = TXLocationTechOCDemo;
			productName = TXLocationTechDemo;
			productReference = 97973B4D1F1748F40020D928 /* TXLocationTechOCDemo.app */;
			productType = "com.apple.product-type.application";
		};
/* End PBXNativeTarget section */

/* Begin PBXProject section */
		97973B451F1748F30020D928 /* Project object */ = {
			isa = PBXProject;
			attributes = {
				LastUpgradeCheck = 0900;
				ORGANIZATIONNAME = tingxins;
				TargetAttributes = {
					97973B4C1F1748F40020D928 = {
						CreatedOnToolsVersion = 9.0;
						SystemCapabilities = {
							com.apple.BackgroundModes = {
								enabled = 1;
							};
						};
					};
				};
			};
			buildConfigurationList = 97973B481F1748F30020D928 /* Build configuration list for PBXProject "TXLocationTechOCDemo" */;
			compatibilityVersion = "Xcode 8.0";
			developmentRegion = en;
			hasScannedForEncodings = 0;
			knownRegions = (
				en,
				Base,
			);
			mainGroup = 97973B441F1748F30020D928;
			productRefGroup = 97973B4E1F1748F40020D928 /* Products */;
			projectDirPath = "";
			projectRoot = "";
			targets = (
				97973B4C1F1748F40020D928 /* TXLocationTechOCDemo */,
			);
		};
/* End PBXProject section */

/* Begin PBXResourcesBuildPhase section */
		97973B4B1F1748F40020D928 /* Resources */ = {
			isa = PBXResourcesBuildPhase;
			buildActionMask = 2147483647;
			files = (
				97973B5D1F1748F40020D928 /* LaunchScreen.storyboard in Resources */,
				97973B5A1F1748F40020D928 /* Assets.xcassets in Resources */,
				97973B581F1748F40020D928 /* Main.storyboard in Resources */,
			);
			runOnlyForDeploymentPostprocessing = 0;
		};
/* End PBXResourcesBuildPhase section */

/* Begin PBXSourcesBuildPhase section */
		97973B491F1748F40020D928 /* Sources */ = {
			isa = PBXSourcesBuildPhase;
			buildActionMask = 2147483647;
			files = (
				97973B551F1748F40020D928 /* ViewController.m in Sources */,
				97973B601F1748F40020D928 /* main.m in Sources */,
				97973B521F1748F40020D928 /* AppDelegate.m in Sources */,
			);
			runOnlyForDeploymentPostprocessing = 0;
		};
/* End PBXSourcesBuildPhase section */

/* Begin PBXVariantGroup section */
		97973B561F1748F40020D928 /* Main.storyboard */ = {
			isa = PBXVariantGroup;
			children = (
				97973B571F1748F40020D928 /* Base */,
			);
			name = Main.storyboard;
			sourceTree = "<group>";
		};
		97973B5B1F1748F40020D928 /* LaunchScreen.storyboard */ = {
			isa = PBXVariantGroup;
			children = (
				97973B5C1F1748F40020D928 /* Base */,
			);
			name = LaunchScreen.storyboard;
			sourceTree = "<group>";
		};
/* End PBXVariantGroup section */

/* Begin XCBuildConfiguration section */
		97973B611F1748F40020D928 /* Debug */ = {
			isa = XCBuildConfiguration;
			buildSettings = {
				ALWAYS_SEARCH_USER_PATHS = NO;
				CLANG_ANALYZER_NONNULL = YES;
				CLANG_ANALYZER_NUMBER_OBJECT_CONVERSION = YES_AGGRESSIVE;
				CLANG_CXX_LANGUAGE_STANDARD = "gnu++14";
				CLANG_CXX_LIBRARY = "libc++";
				CLANG_ENABLE_MODULES = YES;
				CLANG_ENABLE_OBJC_ARC = YES;
				CLANG_WARN_BLOCK_CAPTURE_AUTORELEASING = YES;
				CLANG_WARN_BOOL_CONVERSION = YES;
				CLANG_WARN_COMMA = YES;
				CLANG_WARN_CONSTANT_CONVERSION = YES;
				CLANG_WARN_DIRECT_OBJC_ISA_USAGE = YES_ERROR;
				CLANG_WARN_DOCUMENTATION_COMMENTS = YES;
				CLANG_WARN_EMPTY_BODY = YES;
				CLANG_WARN_ENUM_CONVERSION = YES;
				CLANG_WARN_INFINITE_RECURSION = YES;
				CLANG_WARN_INT_CONVERSION = YES;
				CLANG_WARN_NON_LITERAL_NULL_CONVERSION = YES;
				CLANG_WARN_OBJC_LITERAL_CONVERSION = YES;
				CLANG_WARN_OBJC_ROOT_CLASS = YES_ERROR;
				CLANG_WARN_RANGE_LOOP_ANALYSIS = YES;
				CLANG_WARN_STRICT_PROTOTYPES = YES;
				CLANG_WARN_SUSPICIOUS_MOVE = YES;
				CLANG_WARN_UNGUARDED_AVAILABILITY = YES_AGGRESSIVE;
				CLANG_WARN_UNREACHABLE_CODE = YES;
				CLANG_WARN__DUPLICATE_METHOD_MATCH = YES;
				CODE_SIGN_IDENTITY = "iPhone Developer";
				COPY_PHASE_STRIP = NO;
				DEBUG_INFORMATION_FORMAT = dwarf;
				ENABLE_STRICT_OBJC_MSGSEND = YES;
				ENABLE_TESTABILITY = YES;
				GCC_C_LANGUAGE_STANDARD = gnu11;
				GCC_DYNAMIC_NO_PIC = NO;
				GCC_NO_COMMON_BLOCKS = YES;
				GCC_OPTIMIZATION_LEVEL = 0;
				GCC_PREPROCESSOR_DEFINITIONS = (
					"DEBUG=1",
					"$(inherited)",
				);
				GCC_WARN_64_TO_32_BIT_CONVERSION = YES;
				GCC_WARN_ABOUT_RETURN_TYPE = YES_ERROR;
				GCC_WARN_UNDECLARED_SELECTOR = YES;
				GCC_WARN_UNINITIALIZED_AUTOS = YES_AGGRESSIVE;
				GCC_WARN_UNUSED_FUNCTION = YES;
				GCC_WARN_UNUSED_VARIABLE = YES;
				IPHONEOS_DEPLOYMENT_TARGET = 11.0;
				MTL_ENABLE_DEBUG_INFO = YES;
				ONLY_ACTIVE_ARCH = YES;
				SDKROOT = iphoneos;
			};
			name = Debug;
		};
		97973B621F1748F40020D928 /* Release */ = {
			isa = XCBuildConfiguration;
			buildSettings = {
				ALWAYS_SEARCH_USER_PATHS = NO;
				CLANG_ANALYZER_NONNULL = YES;
				CLANG_ANALYZER_NUMBER_OBJECT_CONVERSION = YES_AGGRESSIVE;
				CLANG_CXX_LANGUAGE_STANDARD = "gnu++14";
				CLANG_CXX_LIBRARY = "libc++";
				CLANG_ENABLE_MODULES = YES;
				CLANG_ENABLE_OBJC_ARC = YES;
				CLANG_WARN_BLOCK_CAPTURE_AUTORELEASING = YES;
				CLANG_WARN_BOOL_CONVERSION = YES;
				CLANG_WARN_COMMA = YES;
				CLANG_WARN_CONSTANT_CONVERSION = YES;
				CLANG_WARN_DIRECT_OBJC_ISA_USAGE = YES_ERROR;
				CLANG_WARN_DOCUMENTATION_COMMENTS = YES;
				CLANG_WARN_EMPTY_BODY = YES;
				CLANG_WARN_ENUM_CONVERSION = YES;
				CLANG_WARN_INFINITE_RECURSION = YES;
				CLANG_WARN_INT_CONVERSION = YES;
				CLANG_WARN_NON_LITERAL_NULL_CONVERSION = YES;
				CLANG_WARN_OBJC_LITERAL_CONVERSION = YES;
				CLANG_WARN_OBJC_ROOT_CLASS = YES_ERROR;
				CLANG_WARN_RANGE_LOOP_ANALYSIS = YES;
				CLANG_WARN_STRICT_PROTOTYPES = YES;
				CLANG_WARN_SUSPICIOUS_MOVE = YES;
				CLANG_WARN_UNGUARDED_AVAILABILITY = YES_AGGRESSIVE;
				CLANG_WARN_UNREACHABLE_CODE = YES;
				CLANG_WARN__DUPLICATE_METHOD_MATCH = YES;
				CODE_SIGN_IDENTITY = "iPhone Developer";
				COPY_PHASE_STRIP = NO;
				DEBUG_INFORMATION_FORMAT = "dwarf-with-dsym";
				ENABLE_NS_ASSERTIONS = NO;
				ENABLE_STRICT_OBJC_MSGSEND = YES;
				GCC_C_LANGUAGE_STANDARD = gnu11;
				GCC_NO_COMMON_BLOCKS = YES;
				GCC_WARN_64_TO_32_BIT_CONVERSION = YES;
				GCC_WARN_ABOUT_RETURN_TYPE = YES_ERROR;
				GCC_WARN_UNDECLARED_SELECTOR = YES;
				GCC_WARN_UNINITIALIZED_AUTOS = YES_AGGRESSIVE;
				GCC_WARN_UNUSED_FUNCTION = YES;
				GCC_WARN_UNUSED_VARIABLE = YES;
				IPHONEOS_DEPLOYMENT_TARGET = 11.0;
				MTL_ENABLE_DEBUG_INFO = NO;
				SDKROOT = iphoneos;
				VALIDATE_PRODUCT = YES;
			};
			name = Release;
		};
		97973B641F1748F40020D928 /* Debug */ = {
			isa = XCBuildConfiguration;
			buildSettings = {
				ASSETCATALOG_COMPILER_APPICON_NAME = AppIcon;
				DEVELOPMENT_TEAM = QZ2B7EZFJP;
				INFOPLIST_FILE = "$(SRCROOT)/TXLocationTechOCDemo/Info.plist";
				IPHONEOS_DEPLOYMENT_TARGET = 9.0;
				LD_RUNPATH_SEARCH_PATHS = "$(inherited) @executable_path/Frameworks";
				PRODUCT_BUNDLE_IDENTIFIER = com.tingxins.demo.TXLocationTechDemo;
				PRODUCT_NAME = "$(TARGET_NAME)";
				TARGETED_DEVICE_FAMILY = "1,2";
			};
			name = Debug;
		};
		97973B651F1748F40020D928 /* Release */ = {
			isa = XCBuildConfiguration;
			buildSettings = {
				ASSETCATALOG_COMPILER_APPICON_NAME = AppIcon;
				DEVELOPMENT_TEAM = QZ2B7EZFJP;
				INFOPLIST_FILE = "$(SRCROOT)/TXLocationTechOCDemo/Info.plist";
				IPHONEOS_DEPLOYMENT_TARGET = 9.0;
				LD_RUNPATH_SEARCH_PATHS = "$(inherited) @executable_path/Frameworks";
				PRODUCT_BUNDLE_IDENTIFIER = com.tingxins.demo.TXLocationTechDemo;
				PRODUCT_NAME = "$(TARGET_NAME)";
				TARGETED_DEVICE_FAMILY = "1,2";
			};
			name = Release;
		};
/* End XCBuildConfiguration section */

/* Begin XCConfigurationList section */
		97973B481F1748F30020D928 /* Build configuration list for PBXProject "TXLocationTechOCDemo" */ = {
			isa = XCConfigurationList;
			buildConfigurations = (
				97973B611F1748F40020D928 /* Debug */,
				97973B621F1748F40020D928 /* Release */,
			);
			defaultConfigurationIsVisible = 0;
			defaultConfigurationName = Release;
		};
		97973B631F1748F40020D928 /* Build configuration list for PBXNativeTarget "TXLocationTechOCDemo" */ = {
			isa = XCConfigurationList;
			buildConfigurations = (
				97973B641F1748F40020D928 /* Debug */,
				97973B651F1748F40020D928 /* Release */,
			);
			defaultConfigurationIsVisible = 0;
			defaultConfigurationName = Release;
		};
/* End XCConfigurationList section */
	};
	rootObject = 97973B451F1748F30020D928 /* Project object */;
}
