// !$*UTF8*$!
{
	archiveVersion = 1;
	classes = {
	};
	objectVersion = 48;
	objects = {

/* Begin PBXBuildFile section */
		977B27111F357DCA006CBBD4 /* AppDelegate.swift in Sources */ = {isa = PBXBuildFile; fileRef = 977B27101F357DCA006CBBD4 /* AppDelegate.swift */; };
		977B27131F357DCA006CBBD4 /* ViewController.swift in Sources */ = {isa = PBXBuildFile; fileRef = 977B27121F357DCA006CBBD4 /* ViewController.swift */; };
		977B27161F357DCA006CBBD4 /* Main.storyboard in Resources */ = {isa = PBXBuildFile; fileRef = 977B27141F357DCA006CBBD4 /* Main.storyboard */; };
		977B27181F357DCA006CBBD4 /* Assets.xcassets in Resources */ = {isa = PBXBuildFile; fileRef = 977B27171F357DCA006CBBD4 /* Assets.xcassets */; };
		977B271B1F357DCA006CBBD4 /* LaunchScreen.storyboard in Resources */ = {isa = PBXBuildFile; fileRef = 977B27191F357DCA006CBBD4 /* LaunchScreen.storyboard */; };
/* End PBXBuildFile section */

/* Begin PBXFileReference section */
		977B270D1F357DCA006CBBD4 /* TXLocationTechSwiftDemo.app */ = {isa = PBXFileReference; explicitFileType = wrapper.application; includeInIndex = 0; path = TXLocationTechSwiftDemo.app; sourceTree = BUILT_PRODUCTS_DIR; };
		977B27101F357DCA006CBBD4 /* AppDelegate.swift */ = {isa = PBXFileReference; lastKnownFileType = sourcecode.swift; path = AppDelegate.swift; sourceTree = "<group>"; };
		977B27121F357DCA006CBBD4 /* ViewController.swift */ = {isa = PBXFileReference; lastKnownFileType = sourcecode.swift; path = ViewController.swift; sourceTree = "<group>"; };
		977B27151F357DCA006CBBD4 /* Base */ = {isa = PBXFileReference; lastKnownFileType = file.storyboard; name = Base; path = Base.lproj/Main.storyboard; sourceTree = "<group>"; };
		977B27171F357DCA006CBBD4 /* Assets.xcassets */ = {isa = PBXFileReference; lastKnownFileType = folder.assetcatalog; path = Assets.xcassets; sourceTree = "<group>"; };
		977B271A1F357DCA006CBBD4 /* Base */ = {isa = PBXFileReference; lastKnownFileType = file.storyboard; name = Base; path = Base.lproj/LaunchScreen.storyboard; sourceTree = "<group>"; };
		977B271C1F357DCA006CBBD4 /* Info.plist */ = {isa = PBXFileReference; lastKnownFileType = text.plist.xml; path = Info.plist; sourceTree = "<group>"; };
/* End PBXFileReference section */

/* Begin PBXFrameworksBuildPhase section */
		977B270A1F357DCA006CBBD4 /* Frameworks */ = {
			isa = PBXFrameworksBuildPhase;
			buildActionMask = 2147483647;
			files = (
			);
			runOnlyForDeploymentPostprocessing = 0;
		};
/* End PBXFrameworksBuildPhase section */

/* Begin PBXGroup section */
		977B27041F357DCA006CBBD4 = {
			isa = PBXGroup;
			children = (
				977B270F1F357DCA006CBBD4 /* TXLocationTechSwiftDemo */,
				977B270E1F357DCA006CBBD4 /* Products */,
			);
			sourceTree = "<group>";
		};
		977B270E1F357DCA006CBBD4 /* Products */ = {
			isa = PBXGroup;
			children = (
				977B270D1F357DCA006CBBD4 /* TXLocationTechSwiftDemo.app */,
			);
			name = Products;
			sourceTree = "<group>";
		};
		977B270F1F357DCA006CBBD4 /* TXLocationTechSwiftDemo */ = {
			isa = PBXGroup;
			children = (
				977B27101F357DCA006CBBD4 /* AppDelegate.swift */,
				977B27121F357DCA006CBBD4 /* ViewController.swift */,
				977B27141F357DCA006CBBD4 /* Main.storyboard */,
				977B27171F357DCA006CBBD4 /* Assets.xcassets */,
				977B27191F357DCA006CBBD4 /* LaunchScreen.storyboard */,
				977B271C1F357DCA006CBBD4 /* Info.plist */,
			);
			path = TXLocationTechSwiftDemo;
			sourceTree = "<group>";
		};
/* End PBXGroup section */

/* Begin PBXNativeTarget section */
		977B270C1F357DCA006CBBD4 /* TXLocationTechSwiftDemo */ = {
			isa = PBXNativeTarget;
			buildConfigurationList = 977B271F1F357DCA006CBBD4 /* Build configuration list for PBXNativeTarget "TXLocationTechSwiftDemo" */;
			buildPhases = (
				977B27091F357DCA006CBBD4 /* Sources */,
				977B270A1F357DCA006CBBD4 /* Frameworks */,
				977B270B1F357DCA006CBBD4 /* Resources */,
			);
			buildRules = (
			);
			dependencies = (
			);
			name = TXLocationTechSwiftDemo;
			productName = TXLocationTechSwiftDemo;
			productReference = 977B270D1F357DCA006CBBD4 /* TXLocationTechSwiftDemo.app */;
			productType = "com.apple.product-type.application";
		};
/* End PBXNativeTarget section */

/* Begin PBXProject section */
		977B27051F357DCA006CBBD4 /* Project object */ = {
			isa = PBXProject;
			attributes = {
				LastSwiftUpdateCheck = 0900;
				LastUpgradeCheck = 0900;
				ORGANIZATIONNAME = tingxins;
				TargetAttributes = {
					977B270C1F357DCA006CBBD4 = {
						CreatedOnToolsVersion = 9.0;
						SystemCapabilities = {
							com.apple.BackgroundModes = {
								enabled = 1;
							};
						};
					};
				};
			};
			buildConfigurationList = 977B27081F357DCA006CBBD4 /* Build configuration list for PBXProject "TXLocationTechSwiftDemo" */;
			compatibilityVersion = "Xcode 8.0";
			developmentRegion = en;
			hasScannedForEncodings = 0;
			knownRegions = (
				en,
				Base,
			);
			mainGroup = 977B27041F357DCA006CBBD4;
			productRefGroup = 977B270E1F357DCA006CBBD4 /* Products */;
			projectDirPath = "";
			projectRoot = "";
			targets = (
				977B270C1F357DCA006CBBD4 /* TXLocationTechSwiftDemo */,
			);
		};
/* End PBXProject section */

/* Begin PBXResourcesBuildPhase section */
		977B270B1F357DCA006CBBD4 /* Resources */ = {
			isa = PBXResourcesBuildPhase;
			buildActionMask = 2147483647;
			files = (
				977B271B1F357DCA006CBBD4 /* LaunchScreen.storyboard in Resources */,
				977B27181F357DCA006CBBD4 /* Assets.xcassets in Resources */,
				977B27161F357DCA006CBBD4 /* Main.storyboard in Resources */,
			);
			runOnlyForDeploymentPostprocessing = 0;
		};
/* End PBXResourcesBuildPhase section */

/* Begin PBXSourcesBuildPhase section */
		977B27091F357DCA006CBBD4 /* Sources */ = {
			isa = PBXSourcesBuildPhase;
			buildActionMask = 2147483647;
			files = (
				977B27131F357DCA006CBBD4 /* ViewController.swift in Sources */,
				977B27111F357DCA006CBBD4 /* AppDelegate.swift in Sources */,
			);
			runOnlyForDeploymentPostprocessing = 0;
		};
/* End PBXSourcesBuildPhase section */

/* Begin PBXVariantGroup section */
		977B27141F357DCA006CBBD4 /* Main.storyboard */ = {
			isa = PBXVariantGroup;
			children = (
				977B27151F357DCA006CBBD4 /* Base */,
			);
			name = Main.storyboard;
			sourceTree = "<group>";
		};
		977B27191F357DCA006CBBD4 /* LaunchScreen.storyboard */ = {
			isa = PBXVariantGroup;
			children = (
				977B271A1F357DCA006CBBD4 /* Base */,
			);
			name = LaunchScreen.storyboard;
			sourceTree = "<group>";
		};
/* End PBXVariantGroup section */

/* Begin XCBuildConfiguration section */
		977B271D1F357DCA006CBBD4 /* Debug */ = {
			isa = XCBuildConfiguration;
			buildSettings = {
				ALWAYS_SEARCH_USER_PATHS = NO;
				CLANG_ANALYZER_NONNULL = YES;
				CLANG_ANALYZER_NUMBER_OBJECT_CONVERSION = YES_AGGRESSIVE;
				CLANG_CXX_LANGUAGE_STANDARD = "gnu++14";
				CLANG_CXX_LIBRARY = "libc++";
				CLANG_ENABLE_MODULES = YES;
				CLANG_ENABLE_OBJC_ARC = YES;
				CLANG_WARN_BLOCK_CAPTURE_AUTORELEASING = YES;
				CLANG_WARN_BOOL_CONVERSION = YES;
				CLANG_WARN_COMMA = YES;
				CLANG_WARN_CONSTANT_CONVERSION = YES;
				CLANG_WARN_DIRECT_OBJC_ISA_USAGE = YES_ERROR;
				CLANG_WARN_DOCUMENTATION_COMMENTS = YES;
				CLANG_WARN_EMPTY_BODY = YES;
				CLANG_WARN_ENUM_CONVERSION = YES;
				CLANG_WARN_INFINITE_RECURSION = YES;
				CLANG_WARN_INT_CONVERSION = YES;
				CLANG_WARN_NON_LITERAL_NULL_CONVERSION = YES;
				CLANG_WARN_OBJC_LITERAL_CONVERSION = YES;
				CLANG_WARN_OBJC_ROOT_CLASS = YES_ERROR;
				CLANG_WARN_RANGE_LOOP_ANALYSIS = YES;
				CLANG_WARN_STRICT_PROTOTYPES = YES;
				CLANG_WARN_SUSPICIOUS_MOVE = YES;
				CLANG_WARN_UNGUARDED_AVAILABILITY = YES_AGGRESSIVE;
				CLANG_WARN_UNREACHABLE_CODE = YES;
				CLANG_WARN__DUPLICATE_METHOD_MATCH = YES;
				CODE_SIGN_IDENTITY = "iPhone Developer";
				COPY_PHASE_STRIP = NO;
				DEBUG_INFORMATION_FORMAT = dwarf;
				ENABLE_STRICT_OBJC_MSGSEND = YES;
				ENABLE_TESTABILITY = YES;
				GCC_C_LANGUAGE_STANDARD = gnu11;
				GCC_DYNAMIC_NO_PIC = NO;
				GCC_NO_COMMON_BLOCKS = YES;
				GCC_OPTIMIZATION_LEVEL = 0;
				GCC_PREPROCESSOR_DEFINITIONS = (
					"DEBUG=1",
					"$(inherited)",
				);
				GCC_WARN_64_TO_32_BIT_CONVERSION = YES;
				GCC_WARN_ABOUT_RETURN_TYPE = YES_ERROR;
				GCC_WARN_UNDECLARED_SELECTOR = YES;
				GCC_WARN_UNINITIALIZED_AUTOS = YES_AGGRESSIVE;
				GCC_WARN_UNUSED_FUNCTION = YES;
				GCC_WARN_UNUSED_VARIABLE = YES;
				IPHONEOS_DEPLOYMENT_TARGET = 11.0;
				MTL_ENABLE_DEBUG_INFO = YES;
				ONLY_ACTIVE_ARCH = YES;
				SDKROOT = iphoneos;
				SWIFT_ACTIVE_COMPILATION_CONDITIONS = DEBUG;
				SWIFT_OPTIMIZATION_LEVEL = "-Onone";
			};
			name = Debug;
		};
		977B271E1F357DCA006CBBD4 /* Release */ = {
			isa = XCBuildConfiguration;
			buildSettings = {
				ALWAYS_SEARCH_USER_PATHS = NO;
				CLANG_ANALYZER_NONNULL = YES;
				CLANG_ANALYZER_NUMBER_OBJECT_CONVERSION = YES_AGGRESSIVE;
				CLANG_CXX_LANGUAGE_STANDARD = "gnu++14";
				CLANG_CXX_LIBRARY = "libc++";
				CLANG_ENABLE_MODULES = YES;
				CLANG_ENABLE_OBJC_ARC = YES;
				CLANG_WARN_BLOCK_CAPTURE_AUTORELEASING = YES;
				CLANG_WARN_BOOL_CONVERSION = YES;
				CLANG_WARN_COMMA = YES;
				CLANG_WARN_CONSTANT_CONVERSION = YES;
				CLANG_WARN_DIRECT_OBJC_ISA_USAGE = YES_ERROR;
				CLANG_WARN_DOCUMENTATION_COMMENTS = YES;
				CLANG_WARN_EMPTY_BODY = YES;
				CLANG_WARN_ENUM_CONVERSION = YES;
				CLANG_WARN_INFINITE_RECURSION = YES;
				CLANG_WARN_INT_CONVERSION = YES;
				CLANG_WARN_NON_LITERAL_NULL_CONVERSION = YES;
				CLANG_WARN_OBJC_LITERAL_CONVERSION = YES;
				CLANG_WARN_OBJC_ROOT_CLASS = YES_ERROR;
				CLANG_WARN_RANGE_LOOP_ANALYSIS = YES;
				CLANG_WARN_STRICT_PROTOTYPES = YES;
				CLANG_WARN_SUSPICIOUS_MOVE = YES;
				CLANG_WARN_UNGUARDED_AVAILABILITY = YES_AGGRESSIVE;
				CLANG_WARN_UNREACHABLE_CODE = YES;
				CLANG_WARN__DUPLICATE_METHOD_MATCH = YES;
				CODE_SIGN_IDENTITY = "iPhone Developer";
				COPY_PHASE_STRIP = NO;
				DEBUG_INFORMATION_FORMAT = "dwarf-with-dsym";
				ENABLE_NS_ASSERTIONS = NO;
				ENABLE_STRICT_OBJC_MSGSEND = YES;
				GCC_C_LANGUAGE_STANDARD = gnu11;
				GCC_NO_COMMON_BLOCKS = YES;
				GCC_WARN_64_TO_32_BIT_CONVERSION = YES;
				GCC_WARN_ABOUT_RETURN_TYPE = YES_ERROR;
				GCC_WARN_UNDECLARED_SELECTOR = YES;
				GCC_WARN_UNINITIALIZED_AUTOS = YES_AGGRESSIVE;
				GCC_WARN_UNUSED_FUNCTION = YES;
				GCC_WARN_UNUSED_VARIABLE = YES;
				IPHONEOS_DEPLOYMENT_TARGET = 11.0;
				MTL_ENABLE_DEBUG_INFO = NO;
				SDKROOT = iphoneos;
				SWIFT_OPTIMIZATION_LEVEL = "-Owholemodule";
				VALIDATE_PRODUCT = YES;
			};
			name = Release;
		};
		977B27201F357DCA006CBBD4 /* Debug */ = {
			isa = XCBuildConfiguration;
			buildSettings = {
				ASSETCATALOG_COMPILER_APPICON_NAME = AppIcon;
				DEVELOPMENT_TEAM = QZ2B7EZFJP;
				INFOPLIST_FILE = TXLocationTechSwiftDemo/Info.plist;
				LD_RUNPATH_SEARCH_PATHS = "$(inherited) @executable_path/Frameworks";
				PRODUCT_BUNDLE_IDENTIFIER = com.tingxins.demo.TXLocationTechSwiftDemo;
				PRODUCT_NAME = "$(TARGET_NAME)";
				SWIFT_VERSION = 4.0;
				TARGETED_DEVICE_FAMILY = "1,2";
			};
			name = Debug;
		};
		977B27211F357DCA006CBBD4 /* Release */ = {
			isa = XCBuildConfiguration;
			buildSettings = {
				ASSETCATALOG_COMPILER_APPICON_NAME = AppIcon;
				DEVELOPMENT_TEAM = QZ2B7EZFJP;
				INFOPLIST_FILE = TXLocationTechSwiftDemo/Info.plist;
				LD_RUNPATH_SEARCH_PATHS = "$(inherited) @executable_path/Frameworks";
				PRODUCT_BUNDLE_IDENTIFIER = com.tingxins.demo.TXLocationTechSwiftDemo;
				PRODUCT_NAME = "$(TARGET_NAME)";
				SWIFT_VERSION = 4.0;
				TARGETED_DEVICE_FAMILY = "1,2";
			};
			name = Release;
		};
/* End XCBuildConfiguration section */

/* Begin XCConfigurationList section */
		977B27081F357DCA006CBBD4 /* Build configuration list for PBXProject "TXLocationTechSwiftDemo" */ = {
			isa = XCConfigurationList;
			buildConfigurations = (
				977B271D1F357DCA006CBBD4 /* Debug */,
				977B271E1F357DCA006CBBD4 /* Release */,
			);
			defaultConfigurationIsVisible = 0;
			defaultConfigurationName = Release;
		};
		977B271F1F357DCA006CBBD4 /* Build configuration list for PBXNativeTarget "TXLocationTechSwiftDemo" */ = {
			isa = XCConfigurationList;
			buildConfigurations = (
				977B27201F357DCA006CBBD4 /* Debug */,
				977B27211F357DCA006CBBD4 /* Release */,
			);
			defaultConfigurationIsVisible = 0;
		};
/* End XCConfigurationList section */
	};
	rootObject = 977B27051F357DCA006CBBD4 /* Project object */;
}
